// !$*UTF8*$!
{
	archiveVersion = 1;
	classes = {
	};
	objectVersion = 50;
	objects = {

/* Begin PBXBuildFile section */
		9B55FD09265C13E40067D1A6 /* AppDelegate.swift in Sources */ = {isa = PBXBuildFile; fileRef = 9B55FD08265C13E40067D1A6 /* AppDelegate.swift */; };
		9B55FD0B265C13E40067D1A6 /* SceneDelegate.swift in Sources */ = {isa = PBXBuildFile; fileRef = 9B55FD0A265C13E40067D1A6 /* SceneDelegate.swift */; };
		9B55FD0D265C13E40067D1A6 /* ViewController.swift in Sources */ = {isa = PBXBuildFile; fileRef = 9B55FD0C265C13E40067D1A6 /* ViewController.swift */; };
		9B55FD10265C13E40067D1A6 /* Main.storyboard in Resources */ = {isa = PBXBuildFile; fileRef = 9B55FD0E265C13E40067D1A6 /* Main.storyboard */; };
		9B55FD12265C13E60067D1A6 /* Assets.xcassets in Resources */ = {isa = PBXBuildFile; fileRef = 9B55FD11265C13E60067D1A6 /* Assets.xcassets */; };
		9B55FD15265C13E60067D1A6 /* LaunchScreen.storyboard in Resources */ = {isa = PBXBuildFile; fileRef = 9B55FD13265C13E60067D1A6 /* LaunchScreen.storyboard */; };
		9B55FD1E265C14A30067D1A6 /* ViewController.swift in Sources */ = {isa = PBXBuildFile; fileRef = 9B55FD0C265C13E40067D1A6 /* ViewController.swift */; };
		9B55FD1F265C14A30067D1A6 /* AppDelegate.swift in Sources */ = {isa = PBXBuildFile; fileRef = 9B55FD08265C13E40067D1A6 /* AppDelegate.swift */; };
		9B55FD20265C14A30067D1A6 /* SceneDelegate.swift in Sources */ = {isa = PBXBuildFile; fileRef = 9B55FD0A265C13E40067D1A6 /* SceneDelegate.swift */; };
		9B55FD25265C14A30067D1A6 /* Main.storyboard in Resources */ = {isa = PBXBuildFile; fileRef = 9B55FD0E265C13E40067D1A6 /* Main.storyboard */; };
		9B55FD2D265C15900067D1A6 /* Blue.xcassets in Resources */ = {isa = PBXBuildFile; fileRef = 9B55FD2B265C152A0067D1A6 /* Blue.xcassets */; };
		9B55FD31265C15EA0067D1A6 /* Blue.storyboard in Resources */ = {isa = PBXBuildFile; fileRef = 9B55FD30265C15EA0067D1A6 /* Blue.storyboard */; };
/* End PBXBuildFile section */

/* Begin PBXFileReference section */
		9B55FD05265C13E40067D1A6 /* MultiSchemeColorIB.app */ = {isa = PBXFileReference; explicitFileType = wrapper.application; includeInIndex = 0; path = MultiSchemeColorIB.app; sourceTree = BUILT_PRODUCTS_DIR; };
		9B55FD08265C13E40067D1A6 /* AppDelegate.swift */ = {isa = PBXFileReference; lastKnownFileType = sourcecode.swift; path = AppDelegate.swift; sourceTree = "<group>"; };
		9B55FD0A265C13E40067D1A6 /* SceneDelegate.swift */ = {isa = PBXFileReference; lastKnownFileType = sourcecode.swift; path = SceneDelegate.swift; sourceTree = "<group>"; };
		9B55FD0C265C13E40067D1A6 /* ViewController.swift */ = {isa = PBXFileReference; lastKnownFileType = sourcecode.swift; path = ViewController.swift; sourceTree = "<group>"; };
		9B55FD0F265C13E40067D1A6 /* Base */ = {isa = PBXFileReference; lastKnownFileType = file.storyboard; name = Base; path = Base.lproj/Main.storyboard; sourceTree = "<group>"; };
		9B55FD11265C13E60067D1A6 /* Assets.xcassets */ = {isa = PBXFileReference; lastKnownFileType = folder.assetcatalog; path = Assets.xcassets; sourceTree = "<group>"; };
		9B55FD14265C13E60067D1A6 /* Base */ = {isa = PBXFileReference; lastKnownFileType = file.storyboard; name = Base; path = Base.lproj/LaunchScreen.storyboard; sourceTree = "<group>"; };
		9B55FD16265C13E60067D1A6 /* Info.plist */ = {isa = PBXFileReference; lastKnownFileType = text.plist.xml; path = Info.plist; sourceTree = "<group>"; };
		9B55FD29265C14A30067D1A6 /* Blue.app */ = {isa = PBXFileReference; explicitFileType = wrapper.application; includeInIndex = 0; path = Blue.app; sourceTree = BUILT_PRODUCTS_DIR; };
		9B55FD2A265C14A40067D1A6 /* Blue-Info.plist */ = {isa = PBXFileReference; lastKnownFileType = text.plist.xml; name = "Blue-Info.plist"; path = "/Users/paulu/Projects/MultiSchemeColorIB/Blue-Info.plist"; sourceTree = "<absolute>"; };
		9B55FD2B265C152A0067D1A6 /* Blue.xcassets */ = {isa = PBXFileReference; lastKnownFileType = folder.assetcatalog; path = Blue.xcassets; sourceTree = "<group>"; };
		9B55FD30265C15EA0067D1A6 /* Blue.storyboard */ = {isa = PBXFileReference; lastKnownFileType = file.storyboard; path = Blue.storyboard; sourceTree = "<group>"; };
/* End PBXFileReference section */

/* Begin PBXFrameworksBuildPhase section */
		9B55FD02265C13E40067D1A6 /* Frameworks */ = {
			isa = PBXFrameworksBuildPhase;
			buildActionMask = 2147483647;
			files = (
			);
			runOnlyForDeploymentPostprocessing = 0;
		};
		9B55FD21265C14A30067D1A6 /* Frameworks */ = {
			isa = PBXFrameworksBuildPhase;
			buildActionMask = 2147483647;
			files = (
			);
			runOnlyForDeploymentPostprocessing = 0;
		};
/* End PBXFrameworksBuildPhase section */

/* Begin PBXGroup section */
		9B55FCFC265C13E40067D1A6 = {
			isa = PBXGroup;
			children = (
				9B55FD07265C13E40067D1A6 /* MultiSchemeColorIB */,
				9B55FD06265C13E40067D1A6 /* Products */,
			);
			sourceTree = "<group>";
		};
		9B55FD06265C13E40067D1A6 /* Products */ = {
			isa = PBXGroup;
			children = (
				9B55FD05265C13E40067D1A6 /* MultiSchemeColorIB.app */,
				9B55FD29265C14A30067D1A6 /* Blue.app */,
			);
			name = Products;
			sourceTree = "<group>";
		};
		9B55FD07265C13E40067D1A6 /* MultiSchemeColorIB */ = {
			isa = PBXGroup;
			children = (
				9B55FD08265C13E40067D1A6 /* AppDelegate.swift */,
				9B55FD0A265C13E40067D1A6 /* SceneDelegate.swift */,
				9B55FD0C265C13E40067D1A6 /* ViewController.swift */,
				9B55FD0E265C13E40067D1A6 /* Main.storyboard */,
				9B55FD11265C13E60067D1A6 /* Assets.xcassets */,
				9B55FD2B265C152A0067D1A6 /* Blue.xcassets */,
				9B55FD13265C13E60067D1A6 /* LaunchScreen.storyboard */,
				9B55FD30265C15EA0067D1A6 /* Blue.storyboard */,
				9B55FD16265C13E60067D1A6 /* Info.plist */,
				9B55FD2A265C14A40067D1A6 /* Blue-Info.plist */,
			);
			path = MultiSchemeColorIB;
			sourceTree = "<group>";
		};
/* End PBXGroup section */

/* Begin PBXNativeTarget section */
		9B55FD04265C13E40067D1A6 /* MultiSchemeColorIB */ = {
			isa = PBXNativeTarget;
			buildConfigurationList = 9B55FD19265C13E60067D1A6 /* Build configuration list for PBXNativeTarget "MultiSchemeColorIB" */;
			buildPhases = (
				9B55FD01265C13E40067D1A6 /* Sources */,
				9B55FD02265C13E40067D1A6 /* Frameworks */,
				9B55FD03265C13E40067D1A6 /* Resources */,
			);
			buildRules = (
			);
			dependencies = (
			);
			name = MultiSchemeColorIB;
			productName = MultiSchemeColorIB;
			productReference = 9B55FD05265C13E40067D1A6 /* MultiSchemeColorIB.app */;
			productType = "com.apple.product-type.application";
		};
		9B55FD1C265C14A30067D1A6 /* Blue */ = {
			isa = PBXNativeTarget;
			buildConfigurationList = 9B55FD26265C14A30067D1A6 /* Build configuration list for PBXNativeTarget "Blue" */;
			buildPhases = (
				9B55FD1D265C14A30067D1A6 /* Sources */,
				9B55FD21265C14A30067D1A6 /* Frameworks */,
				9B55FD22265C14A30067D1A6 /* Resources */,
			);
			buildRules = (
			);
			dependencies = (
			);
			name = Blue;
			productName = MultiSchemeColorIB;
			productReference = 9B55FD29265C14A30067D1A6 /* Blue.app */;
			productType = "com.apple.product-type.application";
		};
/* End PBXNativeTarget section */

/* Begin PBXProject section */
		9B55FCFD265C13E40067D1A6 /* Project object */ = {
			isa = PBXProject;
			attributes = {
				LastSwiftUpdateCheck = 1250;
				LastUpgradeCheck = 1250;
				TargetAttributes = {
					9B55FD04265C13E40067D1A6 = {
						CreatedOnToolsVersion = 12.5;
					};
				};
			};
			buildConfigurationList = 9B55FD00265C13E40067D1A6 /* Build configuration list for PBXProject "MultiSchemeColorIB" */;
			compatibilityVersion = "Xcode 9.3";
			developmentRegion = en;
			hasScannedForEncodings = 0;
			knownRegions = (
				en,
				Base,
			);
			mainGroup = 9B55FCFC265C13E40067D1A6;
			productRefGroup = 9B55FD06265C13E40067D1A6 /* Products */;
			projectDirPath = "";
			projectRoot = "";
			targets = (
				9B55FD04265C13E40067D1A6 /* MultiSchemeColorIB */,
				9B55FD1C265C14A30067D1A6 /* Blue */,
			);
		};
/* End PBXProject section */

/* Begin PBXResourcesBuildPhase section */
		9B55FD03265C13E40067D1A6 /* Resources */ = {
			isa = PBXResourcesBuildPhase;
			buildActionMask = 2147483647;
			files = (
				9B55FD15265C13E60067D1A6 /* LaunchScreen.storyboard in Resources */,
				9B55FD12265C13E60067D1A6 /* Assets.xcassets in Resources */,
				9B55FD10265C13E40067D1A6 /* Main.storyboard in Resources */,
			);
			runOnlyForDeploymentPostprocessing = 0;
		};
		9B55FD22265C14A30067D1A6 /* Resources */ = {
			isa = PBXResourcesBuildPhase;
			buildActionMask = 2147483647;
			files = (
				9B55FD2D265C15900067D1A6 /* Blue.xcassets in Resources */,
				9B55FD31265C15EA0067D1A6 /* Blue.storyboard in Resources */,
				9B55FD25265C14A30067D1A6 /* Main.storyboard in Resources */,
			);
			runOnlyForDeploymentPostprocessing = 0;
		};
/* End PBXResourcesBuildPhase section */

/* Begin PBXSourcesBuildPhase section */
		9B55FD01265C13E40067D1A6 /* Sources */ = {
			isa = PBXSourcesBuildPhase;
			buildActionMask = 2147483647;
			files = (
				9B55FD0D265C13E40067D1A6 /* ViewController.swift in Sources */,
				9B55FD09265C13E40067D1A6 /* AppDelegate.swift in Sources */,
				9B55FD0B265C13E40067D1A6 /* SceneDelegate.swift in Sources */,
			);
			runOnlyForDeploymentPostprocessing = 0;
		};
		9B55FD1D265C14A30067D1A6 /* Sources */ = {
			isa = PBXSourcesBuildPhase;
			buildActionMask = 2147483647;
			files = (
				9B55FD1E265C14A30067D1A6 /* ViewController.swift in Sources */,
				9B55FD1F265C14A30067D1A6 /* AppDelegate.swift in Sources */,
				9B55FD20265C14A30067D1A6 /* SceneDelegate.swift in Sources */,
			);
			runOnlyForDeploymentPostprocessing = 0;
		};
/* End PBXSourcesBuildPhase section */

/* Begin PBXVariantGroup section */
		9B55FD0E265C13E40067D1A6 /* Main.storyboard */ = {
			isa = PBXVariantGroup;
			children = (
				9B55FD0F265C13E40067D1A6 /* Base */,
			);
			name = Main.storyboard;
			sourceTree = "<group>";
		};
		9B55FD13265C13E60067D1A6 /* LaunchScreen.storyboard */ = {
			isa = PBXVariantGroup;
			children = (
				9B55FD14265C13E60067D1A6 /* Base */,
			);
			name = LaunchScreen.storyboard;
			sourceTree = "<group>";
		};
/* End PBXVariantGroup section */

/* Begin XCBuildConfiguration section */
		9B55FD17265C13E60067D1A6 /* Debug */ = {
			isa = XCBuildConfiguration;
			buildSettings = {
				ALWAYS_SEARCH_USER_PATHS = NO;
				CLANG_ANALYZER_NONNULL = YES;
				CLANG_ANALYZER_NUMBER_OBJECT_CONVERSION = YES_AGGRESSIVE;
				CLANG_CXX_LANGUAGE_STANDARD = "gnu++14";
				CLANG_CXX_LIBRARY = "libc++";
				CLANG_ENABLE_MODULES = YES;
				CLANG_ENABLE_OBJC_ARC = YES;
				CLANG_ENABLE_OBJC_WEAK = YES;
				CLANG_WARN_BLOCK_CAPTURE_AUTORELEASING = YES;
				CLANG_WARN_BOOL_CONVERSION = YES;
				CLANG_WARN_COMMA = YES;
				CLANG_WARN_CONSTANT_CONVERSION = YES;
				CLANG_WARN_DEPRECATED_OBJC_IMPLEMENTATIONS = YES;
				CLANG_WARN_DIRECT_OBJC_ISA_USAGE = YES_ERROR;
				CLANG_WARN_DOCUMENTATION_COMMENTS = YES;
				CLANG_WARN_EMPTY_BODY = YES;
				CLANG_WARN_ENUM_CONVERSION = YES;
				CLANG_WARN_INFINITE_RECURSION = YES;
				CLANG_WARN_INT_CONVERSION = YES;
				CLANG_WARN_NON_LITERAL_NULL_CONVERSION = YES;
				CLANG_WARN_OBJC_IMPLICIT_RETAIN_SELF = YES;
				CLANG_WARN_OBJC_LITERAL_CONVERSION = YES;
				CLANG_WARN_OBJC_ROOT_CLASS = YES_ERROR;
				CLANG_WARN_QUOTED_INCLUDE_IN_FRAMEWORK_HEADER = YES;
				CLANG_WARN_RANGE_LOOP_ANALYSIS = YES;
				CLANG_WARN_STRICT_PROTOTYPES = YES;
				CLANG_WARN_SUSPICIOUS_MOVE = YES;
				CLANG_WARN_UNGUARDED_AVAILABILITY = YES_AGGRESSIVE;
				CLANG_WARN_UNREACHABLE_CODE = YES;
				CLANG_WARN__DUPLICATE_METHOD_MATCH = YES;
				COPY_PHASE_STRIP = NO;
				DEBUG_INFORMATION_FORMAT = dwarf;
				ENABLE_STRICT_OBJC_MSGSEND = YES;
				ENABLE_TESTABILITY = YES;
				GCC_C_LANGUAGE_STANDARD = gnu11;
				GCC_DYNAMIC_NO_PIC = NO;
				GCC_NO_COMMON_BLOCKS = YES;
				GCC_OPTIMIZATION_LEVEL = 0;
				GCC_PREPROCESSOR_DEFINITIONS = (
					"DEBUG=1",
					"$(inherited)",
				);
				GCC_WARN_64_TO_32_BIT_CONVERSION = YES;
				GCC_WARN_ABOUT_RETURN_TYPE = YES_ERROR;
				GCC_WARN_UNDECLARED_SELECTOR = YES;
				GCC_WARN_UNINITIALIZED_AUTOS = YES_AGGRESSIVE;
				GCC_WARN_UNUSED_FUNCTION = YES;
				GCC_WARN_UNUSED_VARIABLE = YES;
				IPHONEOS_DEPLOYMENT_TARGET = 14.5;
				MTL_ENABLE_DEBUG_INFO = INCLUDE_SOURCE;
				MTL_FAST_MATH = YES;
				ONLY_ACTIVE_ARCH = YES;
				SDKROOT = iphoneos;
				SWIFT_ACTIVE_COMPILATION_CONDITIONS = DEBUG;
				SWIFT_OPTIMIZATION_LEVEL = "-Onone";
			};
			name = Debug;
		};
		9B55FD18265C13E60067D1A6 /* Release */ = {
			isa = XCBuildConfiguration;
			buildSettings = {
				ALWAYS_SEARCH_USER_PATHS = NO;
				CLANG_ANALYZER_NONNULL = YES;
				CLANG_ANALYZER_NUMBER_OBJECT_CONVERSION = YES_AGGRESSIVE;
				CLANG_CXX_LANGUAGE_STANDARD = "gnu++14";
				CLANG_CXX_LIBRARY = "libc++";
				CLANG_ENABLE_MODULES = YES;
				CLANG_ENABLE_OBJC_ARC = YES;
				CLANG_ENABLE_OBJC_WEAK = YES;
				CLANG_WARN_BLOCK_CAPTURE_AUTORELEASING = YES;
				CLANG_WARN_BOOL_CONVERSION = YES;
				CLANG_WARN_COMMA = YES;
				CLANG_WARN_CONSTANT_CONVERSION = YES;
				CLANG_WARN_DEPRECATED_OBJC_IMPLEMENTATIONS = YES;
				CLANG_WARN_DIRECT_OBJC_ISA_USAGE = YES_ERROR;
				CLANG_WARN_DOCUMENTATION_COMMENTS = YES;
				CLANG_WARN_EMPTY_BODY = YES;
				CLANG_WARN_ENUM_CONVERSION = YES;
				CLANG_WARN_INFINITE_RECURSION = YES;
				CLANG_WARN_INT_CONVERSION = YES;
				CLANG_WARN_NON_LITERAL_NULL_CONVERSION = YES;
				CLANG_WARN_OBJC_IMPLICIT_RETAIN_SELF = YES;
				CLANG_WARN_OBJC_LITERAL_CONVERSION = YES;
				CLANG_WARN_OBJC_ROOT_CLASS = YES_ERROR;
				CLANG_WARN_QUOTED_INCLUDE_IN_FRAMEWORK_HEADER = YES;
				CLANG_WARN_RANGE_LOOP_ANALYSIS = YES;
				CLANG_WARN_STRICT_PROTOTYPES = YES;
				CLANG_WARN_SUSPICIOUS_MOVE = YES;
				CLANG_WARN_UNGUARDED_AVAILABILITY = YES_AGGRESSIVE;
				CLANG_WARN_UNREACHABLE_CODE = YES;
				CLANG_WARN__DUPLICATE_METHOD_MATCH = YES;
				COPY_PHASE_STRIP = NO;
				DEBUG_INFORMATION_FORMAT = "dwarf-with-dsym";
				ENABLE_NS_ASSERTIONS = NO;
				ENABLE_STRICT_OBJC_MSGSEND = YES;
				GCC_C_LANGUAGE_STANDARD = gnu11;
				GCC_NO_COMMON_BLOCKS = YES;
				GCC_WARN_64_TO_32_BIT_CONVERSION = YES;
				GCC_WARN_ABOUT_RETURN_TYPE = YES_ERROR;
				GCC_WARN_UNDECLARED_SELECTOR = YES;
				GCC_WARN_UNINITIALIZED_AUTOS = YES_AGGRESSIVE;
				GCC_WARN_UNUSED_FUNCTION = YES;
				GCC_WARN_UNUSED_VARIABLE = YES;
				IPHONEOS_DEPLOYMENT_TARGET = 14.5;
				MTL_ENABLE_DEBUG_INFO = NO;
				MTL_FAST_MATH = YES;
				SDKROOT = iphoneos;
				SWIFT_COMPILATION_MODE = wholemodule;
				SWIFT_OPTIMIZATION_LEVEL = "-O";
				VALIDATE_PRODUCT = YES;
			};
			name = Release;
		};
		9B55FD1A265C13E60067D1A6 /* Debug */ = {
			isa = XCBuildConfiguration;
			buildSettings = {
				ASSETCATALOG_COMPILER_APPICON_NAME = AppIcon;
				ASSETCATALOG_COMPILER_GLOBAL_ACCENT_COLOR_NAME = AccentColor;
				CODE_SIGN_STYLE = Automatic;
				DEVELOPMENT_TEAM = R8N6N647SF;
				INFOPLIST_FILE = MultiSchemeColorIB/Info.plist;
				LD_RUNPATH_SEARCH_PATHS = (
					"$(inherited)",
					"@executable_path/Frameworks",
				);
				PRODUCT_BUNDLE_IDENTIFIER = io.mojio.MultiSchemeColorIB;
				PRODUCT_NAME = "$(TARGET_NAME)";
				SWIFT_VERSION = 5.0;
				TARGETED_DEVICE_FAMILY = "1,2";
			};
			name = Debug;
		};
		9B55FD1B265C13E60067D1A6 /* Release */ = {
			isa = XCBuildConfiguration;
			buildSettings = {
				ASSETCATALOG_COMPILER_APPICON_NAME = AppIcon;
				ASSETCATALOG_COMPILER_GLOBAL_ACCENT_COLOR_NAME = AccentColor;
				CODE_SIGN_STYLE = Automatic;
				DEVELOPMENT_TEAM = R8N6N647SF;
				INFOPLIST_FILE = MultiSchemeColorIB/Info.plist;
				LD_RUNPATH_SEARCH_PATHS = (
					"$(inherited)",
					"@executable_path/Frameworks",
				);
				PRODUCT_BUNDLE_IDENTIFIER = io.mojio.MultiSchemeColorIB;
				PRODUCT_NAME = "$(TARGET_NAME)";
				SWIFT_VERSION = 5.0;
				TARGETED_DEVICE_FAMILY = "1,2";
			};
			name = Release;
		};
		9B55FD27265C14A30067D1A6 /* Debug */ = {
			isa = XCBuildConfiguration;
			buildSettings = {
				ASSETCATALOG_COMPILER_APPICON_NAME = AppIcon;
				ASSETCATALOG_COMPILER_GLOBAL_ACCENT_COLOR_NAME = AccentColor;
				CODE_SIGN_STYLE = Automatic;
				DEVELOPMENT_TEAM = R8N6N647SF;
				INFOPLIST_FILE = "Blue-Info.plist";
				LD_RUNPATH_SEARCH_PATHS = (
					"$(inherited)",
					"@executable_path/Frameworks",
				);
				PRODUCT_BUNDLE_IDENTIFIER = io.mojio.MultiSchemeColorIB;
				PRODUCT_NAME = "$(TARGET_NAME)";
				SWIFT_VERSION = 5.0;
				TARGETED_DEVICE_FAMILY = "1,2";
			};
			name = Debug;
		};
		9B55FD28265C14A30067D1A6 /* Release */ = {
			isa = XCBuildConfiguration;
			buildSettings = {
				ASSETCATALOG_COMPILER_APPICON_NAME = AppIcon;
				ASSETCATALOG_COMPILER_GLOBAL_ACCENT_COLOR_NAME = AccentColor;
				CODE_SIGN_STYLE = Automatic;
				DEVELOPMENT_TEAM = R8N6N647SF;
				INFOPLIST_FILE = "Blue-Info.plist";
				LD_RUNPATH_SEARCH_PATHS = (
					"$(inherited)",
					"@executable_path/Frameworks",
				);
				PRODUCT_BUNDLE_IDENTIFIER = io.mojio.MultiSchemeColorIB;
				PRODUCT_NAME = "$(TARGET_NAME)";
				SWIFT_VERSION = 5.0;
				TARGETED_DEVICE_FAMILY = "1,2";
			};
			name = Release;
		};
/* End XCBuildConfiguration section */

/* Begin XCConfigurationList section */
		9B55FD00265C13E40067D1A6 /* Build configuration list for PBXProject "MultiSchemeColorIB" */ = {
			isa = XCConfigurationList;
			buildConfigurations = (
				9B55FD17265C13E60067D1A6 /* Debug */,
				9B55FD18265C13E60067D1A6 /* Release */,
			);
			defaultConfigurationIsVisible = 0;
			defaultConfigurationName = Release;
		};
		9B55FD19265C13E60067D1A6 /* Build configuration list for PBXNativeTarget "MultiSchemeColorIB" */ = {
			isa = XCConfigurationList;
			buildConfigurations = (
				9B55FD1A265C13E60067D1A6 /* Debug */,
				9B55FD1B265C13E60067D1A6 /* Release */,
			);
			defaultConfigurationIsVisible = 0;
			defaultConfigurationName = Release;
		};
		9B55FD26265C14A30067D1A6 /* Build configuration list for PBXNativeTarget "Blue" */ = {
			isa = XCConfigurationList;
			buildConfigurations = (
				9B55FD27265C14A30067D1A6 /* Debug */,
				9B55FD28265C14A30067D1A6 /* Release */,
			);
			defaultConfigurationIsVisible = 0;
			defaultConfigurationName = Release;
		};
/* End XCConfigurationList section */
	};
	rootObject = 9B55FCFD265C13E40067D1A6 /* Project object */;
}
